
Microsoft Visual Studio Solution File, Format Version 12.00
# Visual Studio Version 17
VisualStudioVersion = 17.0.32014.148
MinimumVisualStudioVersion = 10.0.40219.1
Project("{9A19103F-16F7-4668-BE54-9A1E7A4F7556}") = "ClearDashboard.Wpf", "ClearDashboard.Wpf\ClearDashboard.Wpf.csproj", "{769DFDD2-30E1-4E28-904C-ECB2F2D2B284}"
EndProject
Project("{9A19103F-16F7-4668-BE54-9A1E7A4F7556}") = "ClearDashboard.DAL", "ClearDashboard.DAL\ClearDashboard.DAL.csproj", "{7CF26008-1AA9-4F86-B394-C7FDDE99E07A}"
EndProject
Project("{9A19103F-16F7-4668-BE54-9A1E7A4F7556}") = "ClearDashboard.Common", "ClearDashboard.Common\ClearDashboard.Common.csproj", "{16BE5B22-1846-494A-B9AF-01B388CD3E34}"
EndProject
Project("{9A19103F-16F7-4668-BE54-9A1E7A4F7556}") = "ClearDashboard.ParatextPlugin", "ClearDashboard.ParatextPlugin\ClearDashboard.ParatextPlugin.csproj", "{C15A13E5-60AE-4249-8B15-1AA1B026512C}"
EndProject
Project("{911E67C6-3D85-4FCE-B560-20A9C3E3FF48}") = "Paratext", "..\..\..\Program Files\Paratext 9\Paratext.exe", "{E4DB6AA4-5B8F-4A9F-8500-2760B45A2CA6}"
	ProjectSection(DebuggerProjectSystem) = preProject
		PortSupplier = 00000000-0000-0000-0000-000000000000
		Executable = %ParatextInstallDir%\Paratext.exe
		RemoteMachine = 
		StartingDirectory = %ParatextInstallDir%
		Environment = Default
		LaunchingEngine = fb0d4648-f776-4980-95f8-bb7f36ebc1ee
		UseLegacyDebugEngines = No
		LaunchSQLEngine = No
		AttachLaunchAction = No
		IORedirection = Auto
	EndProjectSection
EndProject
Project("{9A19103F-16F7-4668-BE54-9A1E7A4F7556}") = "Pipes_Shared", "pipes_shared\Pipes_Shared.csproj", "{3DC8DE7E-F63F-4439-8188-ED6A71409BF9}"
EndProject
Project("{2150E333-8FDC-42A3-9474-1A3956D46DE8}") = "tests", "tests", "{2EB29F80-FFFD-471C-B22D-8BE8FBB2B406}"
EndProject
Project("{9A19103F-16F7-4668-BE54-9A1E7A4F7556}") = "ClearDashboard.DAL.Tests", "..\tests\ClearDashboard.DAL.Tests\ClearDashboard.DAL.Tests.csproj", "{77B820B3-4C53-4D40-A23B-9568828A0EC0}"
EndProject
Project("{9A19103F-16F7-4668-BE54-9A1E7A4F7556}") = "Caliburn.Micro.Core", "..\..\..\..\..\temp\Caliburn.Micro Projects\Caliburn.Micro\src\Caliburn.Micro.Core\Caliburn.Micro.Core.csproj", "{67AC1D5F-2689-44C6-90AB-20F7C2A163FC}"
EndProject
Project("{9A19103F-16F7-4668-BE54-9A1E7A4F7556}") = "Caliburn.Micro.Platform.Core", "..\..\..\..\..\temp\Caliburn.Micro Projects\Caliburn.Micro\src\Caliburn.Micro.Platform.Core\Caliburn.Micro.Platform.Core.csproj", "{BEFF31D7-1CC1-4F40-8919-D081877F3BF4}"
EndProject
Project("{9A19103F-16F7-4668-BE54-9A1E7A4F7556}") = "Caliburn.Micro.Platform", "..\..\..\..\..\temp\Caliburn.Micro Projects\Caliburn.Micro\src\Caliburn.Micro.Platform\Caliburn.Micro.Platform.csproj", "{B8ADCBE8-1BBA-4C93-9F9D-E96A09A48476}"
EndProject
Global
	GlobalSection(SolutionConfigurationPlatforms) = preSolution
		Debug|Any CPU = Debug|Any CPU
		Debug|x64 = Debug|x64
		Release|Any CPU = Release|Any CPU
		Release|x64 = Release|x64
	EndGlobalSection
	GlobalSection(ProjectConfigurationPlatforms) = postSolution
		{769DFDD2-30E1-4E28-904C-ECB2F2D2B284}.Debug|Any CPU.ActiveCfg = Debug|Any CPU
		{769DFDD2-30E1-4E28-904C-ECB2F2D2B284}.Debug|Any CPU.Build.0 = Debug|Any CPU
		{769DFDD2-30E1-4E28-904C-ECB2F2D2B284}.Debug|x64.ActiveCfg = Debug|Any CPU
		{769DFDD2-30E1-4E28-904C-ECB2F2D2B284}.Debug|x64.Build.0 = Debug|Any CPU
		{769DFDD2-30E1-4E28-904C-ECB2F2D2B284}.Release|Any CPU.ActiveCfg = Release|Any CPU
		{769DFDD2-30E1-4E28-904C-ECB2F2D2B284}.Release|Any CPU.Build.0 = Release|Any CPU
		{769DFDD2-30E1-4E28-904C-ECB2F2D2B284}.Release|x64.ActiveCfg = Release|Any CPU
		{769DFDD2-30E1-4E28-904C-ECB2F2D2B284}.Release|x64.Build.0 = Release|Any CPU
		{7CF26008-1AA9-4F86-B394-C7FDDE99E07A}.Debug|Any CPU.ActiveCfg = Debug|Any CPU
		{7CF26008-1AA9-4F86-B394-C7FDDE99E07A}.Debug|Any CPU.Build.0 = Debug|Any CPU
		{7CF26008-1AA9-4F86-B394-C7FDDE99E07A}.Debug|x64.ActiveCfg = Debug|Any CPU
		{7CF26008-1AA9-4F86-B394-C7FDDE99E07A}.Debug|x64.Build.0 = Debug|Any CPU
		{7CF26008-1AA9-4F86-B394-C7FDDE99E07A}.Release|Any CPU.ActiveCfg = Release|Any CPU
		{7CF26008-1AA9-4F86-B394-C7FDDE99E07A}.Release|Any CPU.Build.0 = Release|Any CPU
		{7CF26008-1AA9-4F86-B394-C7FDDE99E07A}.Release|x64.ActiveCfg = Release|Any CPU
		{7CF26008-1AA9-4F86-B394-C7FDDE99E07A}.Release|x64.Build.0 = Release|Any CPU
		{16BE5B22-1846-494A-B9AF-01B388CD3E34}.Debug|Any CPU.ActiveCfg = Debug|Any CPU
		{16BE5B22-1846-494A-B9AF-01B388CD3E34}.Debug|Any CPU.Build.0 = Debug|Any CPU
		{16BE5B22-1846-494A-B9AF-01B388CD3E34}.Debug|x64.ActiveCfg = Debug|Any CPU
		{16BE5B22-1846-494A-B9AF-01B388CD3E34}.Debug|x64.Build.0 = Debug|Any CPU
		{16BE5B22-1846-494A-B9AF-01B388CD3E34}.Release|Any CPU.ActiveCfg = Release|Any CPU
		{16BE5B22-1846-494A-B9AF-01B388CD3E34}.Release|Any CPU.Build.0 = Release|Any CPU
		{16BE5B22-1846-494A-B9AF-01B388CD3E34}.Release|x64.ActiveCfg = Release|Any CPU
		{16BE5B22-1846-494A-B9AF-01B388CD3E34}.Release|x64.Build.0 = Release|Any CPU
		{C15A13E5-60AE-4249-8B15-1AA1B026512C}.Debug|Any CPU.ActiveCfg = Debug|Any CPU
		{C15A13E5-60AE-4249-8B15-1AA1B026512C}.Debug|Any CPU.Build.0 = Debug|Any CPU
		{C15A13E5-60AE-4249-8B15-1AA1B026512C}.Debug|x64.ActiveCfg = Debug|Any CPU
		{C15A13E5-60AE-4249-8B15-1AA1B026512C}.Debug|x64.Build.0 = Debug|Any CPU
		{C15A13E5-60AE-4249-8B15-1AA1B026512C}.Release|Any CPU.ActiveCfg = Release|Any CPU
		{C15A13E5-60AE-4249-8B15-1AA1B026512C}.Release|Any CPU.Build.0 = Release|Any CPU
		{C15A13E5-60AE-4249-8B15-1AA1B026512C}.Release|x64.ActiveCfg = Release|Any CPU
		{C15A13E5-60AE-4249-8B15-1AA1B026512C}.Release|x64.Build.0 = Release|Any CPU
		{E4DB6AA4-5B8F-4A9F-8500-2760B45A2CA6}.Debug|Any CPU.ActiveCfg = Release|x64
		{E4DB6AA4-5B8F-4A9F-8500-2760B45A2CA6}.Debug|x64.ActiveCfg = Release|x64
		{E4DB6AA4-5B8F-4A9F-8500-2760B45A2CA6}.Release|Any CPU.ActiveCfg = Release|x64
		{E4DB6AA4-5B8F-4A9F-8500-2760B45A2CA6}.Release|x64.ActiveCfg = Release|x64
		{3DC8DE7E-F63F-4439-8188-ED6A71409BF9}.Debug|Any CPU.ActiveCfg = Debug|Any CPU
		{3DC8DE7E-F63F-4439-8188-ED6A71409BF9}.Debug|Any CPU.Build.0 = Debug|Any CPU
		{3DC8DE7E-F63F-4439-8188-ED6A71409BF9}.Debug|x64.ActiveCfg = Debug|Any CPU
		{3DC8DE7E-F63F-4439-8188-ED6A71409BF9}.Debug|x64.Build.0 = Debug|Any CPU
		{3DC8DE7E-F63F-4439-8188-ED6A71409BF9}.Release|Any CPU.ActiveCfg = Release|Any CPU
		{3DC8DE7E-F63F-4439-8188-ED6A71409BF9}.Release|Any CPU.Build.0 = Release|Any CPU
		{3DC8DE7E-F63F-4439-8188-ED6A71409BF9}.Release|x64.ActiveCfg = Release|Any CPU
		{3DC8DE7E-F63F-4439-8188-ED6A71409BF9}.Release|x64.Build.0 = Release|Any CPU
		{77B820B3-4C53-4D40-A23B-9568828A0EC0}.Debug|Any CPU.ActiveCfg = Debug|Any CPU
		{77B820B3-4C53-4D40-A23B-9568828A0EC0}.Debug|Any CPU.Build.0 = Debug|Any CPU
		{77B820B3-4C53-4D40-A23B-9568828A0EC0}.Debug|x64.ActiveCfg = Debug|Any CPU
		{77B820B3-4C53-4D40-A23B-9568828A0EC0}.Debug|x64.Build.0 = Debug|Any CPU
		{77B820B3-4C53-4D40-A23B-9568828A0EC0}.Release|Any CPU.ActiveCfg = Release|Any CPU
		{77B820B3-4C53-4D40-A23B-9568828A0EC0}.Release|Any CPU.Build.0 = Release|Any CPU
		{77B820B3-4C53-4D40-A23B-9568828A0EC0}.Release|x64.ActiveCfg = Release|Any CPU
		{77B820B3-4C53-4D40-A23B-9568828A0EC0}.Release|x64.Build.0 = Release|Any CPU
		{67AC1D5F-2689-44C6-90AB-20F7C2A163FC}.Debug|Any CPU.ActiveCfg = Debug|Any CPU
		{67AC1D5F-2689-44C6-90AB-20F7C2A163FC}.Debug|Any CPU.Build.0 = Debug|Any CPU
		{67AC1D5F-2689-44C6-90AB-20F7C2A163FC}.Debug|x64.ActiveCfg = Debug|Any CPU
		{67AC1D5F-2689-44C6-90AB-20F7C2A163FC}.Debug|x64.Build.0 = Debug|Any CPU
		{67AC1D5F-2689-44C6-90AB-20F7C2A163FC}.Release|Any CPU.ActiveCfg = Release|Any CPU
		{67AC1D5F-2689-44C6-90AB-20F7C2A163FC}.Release|Any CPU.Build.0 = Release|Any CPU
		{67AC1D5F-2689-44C6-90AB-20F7C2A163FC}.Release|x64.ActiveCfg = Release|Any CPU
		{67AC1D5F-2689-44C6-90AB-20F7C2A163FC}.Release|x64.Build.0 = Release|Any CPU
		{BEFF31D7-1CC1-4F40-8919-D081877F3BF4}.Debug|Any CPU.ActiveCfg = Debug|Any CPU
		{BEFF31D7-1CC1-4F40-8919-D081877F3BF4}.Debug|Any CPU.Build.0 = Debug|Any CPU
		{BEFF31D7-1CC1-4F40-8919-D081877F3BF4}.Debug|x64.ActiveCfg = Debug|Any CPU
		{BEFF31D7-1CC1-4F40-8919-D081877F3BF4}.Debug|x64.Build.0 = Debug|Any CPU
		{BEFF31D7-1CC1-4F40-8919-D081877F3BF4}.Release|Any CPU.ActiveCfg = Release|Any CPU
		{BEFF31D7-1CC1-4F40-8919-D081877F3BF4}.Release|Any CPU.Build.0 = Release|Any CPU
		{BEFF31D7-1CC1-4F40-8919-D081877F3BF4}.Release|x64.ActiveCfg = Release|Any CPU
		{BEFF31D7-1CC1-4F40-8919-D081877F3BF4}.Release|x64.Build.0 = Release|Any CPU
		{B8ADCBE8-1BBA-4C93-9F9D-E96A09A48476}.Debug|Any CPU.ActiveCfg = Debug|Any CPU
		{B8ADCBE8-1BBA-4C93-9F9D-E96A09A48476}.Debug|Any CPU.Build.0 = Debug|Any CPU
		{B8ADCBE8-1BBA-4C93-9F9D-E96A09A48476}.Debug|x64.ActiveCfg = Debug|Any CPU
		{B8ADCBE8-1BBA-4C93-9F9D-E96A09A48476}.Debug|x64.Build.0 = Debug|Any CPU
		{B8ADCBE8-1BBA-4C93-9F9D-E96A09A48476}.Release|Any CPU.ActiveCfg = Release|Any CPU
		{B8ADCBE8-1BBA-4C93-9F9D-E96A09A48476}.Release|Any CPU.Build.0 = Release|Any CPU
		{B8ADCBE8-1BBA-4C93-9F9D-E96A09A48476}.Release|x64.ActiveCfg = Release|Any CPU
		{B8ADCBE8-1BBA-4C93-9F9D-E96A09A48476}.Release|x64.Build.0 = Release|Any CPU
	EndGlobalSection
	GlobalSection(SolutionProperties) = preSolution
		HideSolutionNode = FALSE
	EndGlobalSection
	GlobalSection(NestedProjects) = preSolution
		{77B820B3-4C53-4D40-A23B-9568828A0EC0} = {2EB29F80-FFFD-471C-B22D-8BE8FBB2B406}
	EndGlobalSection
	GlobalSection(ExtensibilityGlobals) = postSolution
		SolutionGuid = {BFF05FFA-E592-49AC-8796-A4E60A3D729F}
	EndGlobalSection
EndGlobal
